# THIS IS AN AUTOGENERATED FILE. DO NOT EDIT THIS FILE DIRECTLY.
# yarn lockfile v1


english-time-mirror@*:
  version "0.0.9"
  resolved "https://registry.yarnpkg.com/english-time-mirror/-/english-time-mirror-0.0.9.tgz#9977e29d26612146393fb594076428369ec40481"
  integrity sha1-mXfinSZhIUY5P7WUB2QoNp7EBIE=

every-time-mirror@0.0.0:
  version "0.0.0"
  resolved "https://registry.yarnpkg.com/every-time-mirror/-/every-time-mirror-0.0.0.tgz#17dfca8447aab65d202b5a0ae5c59908f658b63b"
  integrity sha1-F9/KhEeqtl0gK1oK5cWZCPZYtjs=
  dependencies:
    english-time-mirror "*"

jquery@^3.4.1:
  version "3.4.1"
  resolved "https://registry.yarnpkg.com/jquery/-/jquery-3.4.1.tgz#714f1f8d9dde4bdfa55764ba37ef214630d80ef2"
  integrity sha512-36+AdBzCL+y6qjw5Tx7HgzeGCzC81MDDgaUP8ld2zhx58HdqXGoBd+tHdrBMiyjGQs0Hxs/MLZTu/eHNJJuWPw==

lodash@^3.10.1:
  version "3.10.1"
  resolved "https://registry.yarnpkg.com/lodash/-/lodash-3.10.1.tgz#5bf45e8e49ba4189e17d482789dfd15bd140b7b6"
  integrity sha1-W/Rejkm6QYnhfUgnid/RW9FAt7Y=

lodash@^4.17.21:
  version "4.17.21"
  resolved "https://registry.yarnpkg.com/lodash/-/lodash-4.17.21.tgz#679591c564c3bffaae8454cf0b3df370c3d6911c"
  integrity sha512-v2kDEe57lecTulaDIuNTPy3Ry4gLGJ6Z1O3vE1krgXZNrsQ+LFTGHVxVjcXPs17LhbZVGedAJv8XZ1tvj5FvSg==

memory-cache@^0.1.4:
  version "0.1.6"
  resolved "https://registry.yarnpkg.com/memory-cache/-/memory-cache-0.1.6.tgz#2ed9933ed7a8c718249be7366f7ca8749acf8a24"
  integrity sha1-LtmTPteoxxgkm+c2b3yodJrPiiQ=

taky-cache-loop@^0.0.2:
  version "0.0.2"
  resolved "https://registry.yarnpkg.com/taky-cache-loop/-/taky-cache-loop-0.0.2.tgz#4e30ed6aba29d616f584f193f08dee1643560954"
  integrity sha1-TjDtarop1hb1hPGT8I3uFkNWCVQ=
  dependencies:
    every-time-mirror "0.0.0"
    lodash "^3.10.1"
    memory-cache "^0.1.4"
