# THIS IS AN AUTOGENERATED FILE. DO NOT EDIT THIS FILE DIRECTLY.
# yarn lockfile v1


english-time-mirror@*:
  version "0.0.9"
  resolved "https://registry.yarnpkg.com/english-time-mirror/-/english-time-mirror-0.0.9.tgz#9977e29d26612146393fb594076428369ec40481"
  integrity sha1-mXfinSZhIUY5P7WUB2QoNp7EBIE=

every-time-mirror@0.0.0:
  version "0.0.0"
  resolved "https://registry.yarnpkg.com/every-time-mirror/-/every-time-mirror-0.0.0.tgz#17dfca8447aab65d202b5a0ae5c59908f658b63b"
  integrity sha1-F9/KhEeqtl0gK1oK5cWZCPZYtjs=
  dependencies:
    english-time-mirror "*"

jquery@^3.5.0:
  version "3.5.0"
  resolved "https://registry.yarnpkg.com/jquery/-/jquery-3.5.0.tgz#9980b97d9e4194611c36530e7dc46a58d7340fc9"
  integrity sha512-Xb7SVYMvygPxbFMpTFQiHh1J7HClEaThguL15N/Gg37Lri/qKyhRGZYzHRyLH8Stq3Aow0LsHO2O2ci86fCrNQ==

lodash@^3.10.1:
  version "3.10.1"
  resolved "https://registry.yarnpkg.com/lodash/-/lodash-3.10.1.tgz#5bf45e8e49ba4189e17d482789dfd15bd140b7b6"
  integrity sha1-W/Rejkm6QYnhfUgnid/RW9FAt7Y=

lodash@^4.17.15:
  version "4.17.15"
  resolved "https://registry.yarnpkg.com/lodash/-/lodash-4.17.15.tgz#b447f6670a0455bbfeedd11392eff330ea097548"
  integrity sha512-8xOcRHvCjnocdS5cpwXQXVzmmh5e5+saE2QGoeQmbKmRS6J3VQppPOIt0MnmE+4xlZoumy0GPG0D0MVIQbNA1A==

memory-cache@^0.1.4:
  version "0.1.6"
  resolved "https://registry.yarnpkg.com/memory-cache/-/memory-cache-0.1.6.tgz#2ed9933ed7a8c718249be7366f7ca8749acf8a24"
  integrity sha1-LtmTPteoxxgkm+c2b3yodJrPiiQ=

taky-cache-loop@^0.0.2:
  version "0.0.2"
  resolved "https://registry.yarnpkg.com/taky-cache-loop/-/taky-cache-loop-0.0.2.tgz#4e30ed6aba29d616f584f193f08dee1643560954"
  integrity sha1-TjDtarop1hb1hPGT8I3uFkNWCVQ=
  dependencies:
    every-time-mirror "0.0.0"
    lodash "^3.10.1"
    memory-cache "^0.1.4"
